<?xml version="1.0" encoding="utf-8"?>
<Project ToolsVersion="4.0" xmlns="http://schemas.microsoft.com/developer/msbuild/2003">
  <ItemGroup>
    <Filter Include="Source Files">
      <UniqueIdentifier>{4FC737F1-C7A5-4376-A066-2A32D752A2FF}</UniqueIdentifier>
      <Extensions>cpp;c;cc;cxx;def;odl;idl;hpj;bat;asm;asmx</Extensions>
    </Filter>
    <Filter Include="Header Files">
      <UniqueIdentifier>{93995380-89BD-4b04-88EB-625FBE52EBFB}</UniqueIdentifier>
      <Extensions>h;hh;hpp;hxx;hm;inl;inc;xsd</Extensions>
    </Filter>
    <Filter Include="Resource Files">
      <UniqueIdentifier>{67DA6AB6-F800-4c08-8B7A-83BB121AAD01}</UniqueIdentifier>
      <Extensions>rc;ico;cur;bmp;dlg;rc2;rct;bin;rgs;gif;jpg;jpeg;jpe;resx;tiff;tif;png;wav;mfcribbon-ms</Extensions>
    </Filter>
    <Filter Include="Header Files\Engine">
      <UniqueIdentifier>{8071cd3b-ed04-4767-b871-4f274cd13312}</UniqueIdentifier>
    </Filter>
    <Filter Include="Header Files\Engine\ResourceManager">
      <UniqueIdentifier>{da25575d-2e97-4fac-9c04-d7e1354b3774}</UniqueIdentifier>
    </Filter>
    <Filter Include="Header Files\Graphics">
      <UniqueIdentifier>{3c085304-cdde-4d9d-86fc-6d04b7b82dd4}</UniqueIdentifier>
    </Filter>
    <Filter Include="Header Files\Graphics\Items">
      <UniqueIdentifier>{5cafbb7c-93c3-47bf-8e78-79327304f8a4}</UniqueIdentifier>
    </Filter>
    <Filter Include="Header Files\Graphics\Shaders">
      <UniqueIdentifier>{87754c87-61f2-4915-b8f0-39aa9d60433e}</UniqueIdentifier>
    </Filter>
    <Filter Include="Header Files\Framework">
      <UniqueIdentifier>{0763dead-2271-4a86-b819-6f77db48132e}</UniqueIdentifier>
    </Filter>
    <Filter Include="Header Files\Engine\Items">
      <UniqueIdentifier>{d3b8636d-712c-4d0b-9f7f-374434135b87}</UniqueIdentifier>
    </Filter>
    <Filter Include="Header Files\Engine\defines">
      <UniqueIdentifier>{345b19a4-8587-4102-9abe-2e16a4ee5812}</UniqueIdentifier>
    </Filter>
    <Filter Include="Header Files\Engine\Components">
      <UniqueIdentifier>{062b57c3-216b-4626-8bf6-d7c56a1b9dc8}</UniqueIdentifier>
    </Filter>
    <Filter Include="Header Files\Engine\Global">
      <UniqueIdentifier>{b27527a3-4443-444a-b1bc-dd0bc7cc3d77}</UniqueIdentifier>
    </Filter>
    <Filter Include="Header Files\Input">
      <UniqueIdentifier>{5e1282e1-bc9c-4496-97fb-69c35b76691d}</UniqueIdentifier>
    </Filter>
    <Filter Include="Header Files\Engine\Components\Scenes">
      <UniqueIdentifier>{1ecd5268-bfc0-43c5-8ae2-c3f170043d46}</UniqueIdentifier>
    </Filter>
    <Filter Include="Header Files\Sound">
      <UniqueIdentifier>{75fa65c2-f874-4a83-84b8-73b3c6532d61}</UniqueIdentifier>
    </Filter>
    <Filter Include="Header Files\Graphics\Interface">
      <UniqueIdentifier>{2b6d3242-3bcc-4219-bd62-56eb435370fd}</UniqueIdentifier>
    </Filter>
    <Filter Include="Header Files\LUA">
      <UniqueIdentifier>{1843190f-f5aa-4970-8e70-8c61db8ef461}</UniqueIdentifier>
    </Filter>
    <Filter Include="Source Files\C">
      <UniqueIdentifier>{0ba4ff76-b48f-4643-a0e1-23f04a7c9d4f}</UniqueIdentifier>
    </Filter>
    <Filter Include="Core">
      <UniqueIdentifier>{7a71e6a5-29e9-47db-ab43-ee7a284b527c}</UniqueIdentifier>
    </Filter>
    <Filter Include="Settings">
      <UniqueIdentifier>{80171775-463b-4940-8c57-d25a213851f3}</UniqueIdentifier>
    </Filter>
    <Filter Include="Lua">
      <UniqueIdentifier>{7e5acbb7-0b82-44e1-b979-e5e8b5a7a102}</UniqueIdentifier>
    </Filter>
    <Filter Include="Shaders">
      <UniqueIdentifier>{6a98446f-0e50-4d9d-906d-0f961d4d0b6a}</UniqueIdentifier>
    </Filter>
    <Filter Include="Models">
      <UniqueIdentifier>{47e910e1-730e-45fd-9316-5f772aec3e55}</UniqueIdentifier>
    </Filter>
    <Filter Include="Header Files\modern">
      <UniqueIdentifier>{a7de36e7-8009-4d19-b46f-13e5da75e7b8}</UniqueIdentifier>
    </Filter>
    <Filter Include="Lua\Locations">
      <UniqueIdentifier>{b9a7356f-1231-4d9e-8384-5a289124e713}</UniqueIdentifier>
    </Filter>
    <Filter Include="Lua\interface">
      <UniqueIdentifier>{06ba8441-ba14-4b58-bbac-fc208e805989}</UniqueIdentifier>
    </Filter>
    <Filter Include="Lua\core">
      <UniqueIdentifier>{35dda138-057e-4427-8f85-55184c046dfc}</UniqueIdentifier>
    </Filter>
    <Filter Include="HLSL">
      <UniqueIdentifier>{4a971c0d-be8c-4924-b8c7-0fc4b2fb6026}</UniqueIdentifier>
    </Filter>
    <Filter Include="Files">
      <UniqueIdentifier>{31c2df90-7377-4e08-b31e-af93dd8eb03c}</UniqueIdentifier>
    </Filter>
    <Filter Include="Files\gfx">
      <UniqueIdentifier>{f500fffa-7ad5-400d-b4a0-40ab61aa6da3}</UniqueIdentifier>
    </Filter>
    <Filter Include="Resource Files\Project">
      <UniqueIdentifier>{8f145270-2874-40ae-b142-4e9b599294d5}</UniqueIdentifier>
    </Filter>
    <Filter Include="Header Files\Interface">
      <UniqueIdentifier>{a915115a-301a-45a4-976c-a2582149eda0}</UniqueIdentifier>
    </Filter>
    <Filter Include="Header Files\Actions">
      <UniqueIdentifier>{56c3ae34-9a3e-40d2-9254-4044f3dc0cda}</UniqueIdentifier>
    </Filter>
    <Filter Include="Header Files\Conditions">
      <UniqueIdentifier>{b3cad30f-e2df-4c62-8287-ec3699755f44}</UniqueIdentifier>
    </Filter>
    <Filter Include="Header Files\Variables">
      <UniqueIdentifier>{4e2a8da2-bb4c-4e85-973f-c87d407fab0a}</UniqueIdentifier>
    </Filter>
    <Filter Include="Header Files\Variables\Boolean">
      <UniqueIdentifier>{946cbe4e-0b96-4950-92fa-fd92ae8e07c0}</UniqueIdentifier>
    </Filter>
    <Filter Include="Header Files\Timers">
      <UniqueIdentifier>{c2d7588b-c19e-4bc2-8d6c-8ac4d64e12f3}</UniqueIdentifier>
    </Filter>
    <Filter Include="Header Files\Variables\Float">
      <UniqueIdentifier>{00aecc71-4ce1-4a99-9bf8-ced6a9afa14c}</UniqueIdentifier>
    </Filter>
    <Filter Include="Header Files\Variables\Integer">
      <UniqueIdentifier>{6269d0ac-568a-457e-880a-72fbb3ef7ca5}</UniqueIdentifier>
    </Filter>
    <Filter Include="Header Files\Variables\Object">
      <UniqueIdentifier>{924ce0ab-0e61-4ffc-be35-6cb247fe4f6b}</UniqueIdentifier>
    </Filter>
    <Filter Include="Header Files\Conditions\Basic">
      <UniqueIdentifier>{7e85d8dd-5af4-4e89-a296-55652b1a4c45}</UniqueIdentifier>
    </Filter>
    <Filter Include="Header Files\Conditions\Boolean">
      <UniqueIdentifier>{0837fbe0-fae7-4c7c-8de1-a643034d5e97}</UniqueIdentifier>
    </Filter>
    <Filter Include="Header Files\Conditions\Float">
      <UniqueIdentifier>{38d5650d-a27b-49ef-a052-bcb828d5cb50}</UniqueIdentifier>
    </Filter>
    <Filter Include="Header Files\Operators">
      <UniqueIdentifier>{c925bb6c-118d-47fe-9574-78cf46607b5b}</UniqueIdentifier>
    </Filter>
    <Filter Include="Header Files\Conditions\Object">
      <UniqueIdentifier>{3ab99cb8-b123-4d77-ac65-b9067b5525e5}</UniqueIdentifier>
    </Filter>
  </ItemGroup>
  <ItemGroup>
    <ClInclude Include="Engine.h">
      <Filter>Header Files\Engine</Filter>
    </ClInclude>
    <ClInclude Include="RendererManager.h">
      <Filter>Header Files\Engine</Filter>
    </ClInclude>
    <ClInclude Include="ResourceManager.h">
      <Filter>Header Files\Engine\ResourceManager</Filter>
    </ClInclude>
    <ClInclude Include="ResourceShader.h">
      <Filter>Header Files\Engine\ResourceManager</Filter>
    </ClInclude>
    <ClInclude Include="ResourceSound.h">
      <Filter>Header Files\Engine\ResourceManager</Filter>
    </ClInclude>
    <ClInclude Include="ResourceTexture.h">
      <Filter>Header Files\Engine\ResourceManager</Filter>
    </ClInclude>
    <ClInclude Include="DirectXHelpers.h">
      <Filter>Header Files\Graphics</Filter>
    </ClInclude>
    <ClInclude Include="DXManager.h">
      <Filter>Header Files\Graphics</Filter>
    </ClInclude>
    <ClInclude Include="FrameWork.h">
      <Filter>Header Files\Framework</Filter>
    </ClInclude>
    <ClInclude Include="Camera.h">
      <Filter>Header Files\Engine\Items</Filter>
    </ClInclude>
    <ClInclude Include="CameraControl.h">
      <Filter>Header Files\Engine\Items</Filter>
    </ClInclude>
    <ClInclude Include="Colors.h">
      <Filter>Header Files\Engine\defines</Filter>
    </ClInclude>
    <ClInclude Include="Defines.h">
      <Filter>Header Files\Engine\defines</Filter>
    </ClInclude>
    <ClInclude Include="GameComponent.h">
      <Filter>Header Files\Engine\Components</Filter>
    </ClInclude>
    <ClInclude Include="Global.h">
      <Filter>Header Files\Engine\Global</Filter>
    </ClInclude>
    <ClInclude Include="GlobalUtilities.h">
      <Filter>Header Files\Engine\Global</Filter>
    </ClInclude>
    <ClInclude Include="Graphics.h">
      <Filter>Header Files\Graphics</Filter>
    </ClInclude>
    <ClInclude Include="Input.h">
      <Filter>Header Files\Input</Filter>
    </ClInclude>
    <ClInclude Include="MainMenuScene.h">
      <Filter>Header Files\Engine\Components\Scenes</Filter>
    </ClInclude>
    <ClInclude Include="GameScene.h">
      <Filter>Header Files\Engine\Components\Scenes</Filter>
    </ClInclude>
    <ClInclude Include="pch.h">
      <Filter>Header Files\Graphics</Filter>
    </ClInclude>
    <ClInclude Include="PlatformHelper.h">
      <Filter>Header Files\Graphics</Filter>
    </ClInclude>
    <ClInclude Include="SettingsC.h">
      <Filter>Header Files\Engine</Filter>
    </ClInclude>
    <ClInclude Include="Shader.h">
      <Filter>Header Files\Graphics\Shaders</Filter>
    </ClInclude>
    <ClInclude Include="Sound.h">
      <Filter>Header Files\Sound</Filter>
    </ClInclude>
    <ClInclude Include="Task.h">
      <Filter>Header Files\Engine\Items</Filter>
    </ClInclude>
    <ClInclude Include="TaskQueue.h">
      <Filter>Header Files\Engine\Items</Filter>
    </ClInclude>
    <ClInclude Include="Texture.h">
      <Filter>Header Files\Graphics\Items</Filter>
    </ClInclude>
    <ClInclude Include="TextureShader.h">
      <Filter>Header Files\Graphics\Shaders</Filter>
    </ClInclude>
    <ClInclude Include="Tile.h">
      <Filter>Header Files\Graphics\Items</Filter>
    </ClInclude>
    <ClInclude Include="Unit.h">
      <Filter>Header Files\Engine\Items</Filter>
    </ClInclude>
    <ClInclude Include="UserInterface.h">
      <Filter>Header Files\Graphics\Interface</Filter>
    </ClInclude>
    <ClInclude Include="UserInterfaceGame.h">
      <Filter>Header Files\Graphics\Interface</Filter>
    </ClInclude>
    <ClInclude Include="UserInterfaceMainMenu.h">
      <Filter>Header Files\Graphics\Interface</Filter>
    </ClInclude>
    <ClInclude Include="Vertex.h">
      <Filter>Header Files\Graphics\Items</Filter>
    </ClInclude>
    <ClInclude Include="VertexBuffer.h">
      <Filter>Header Files\Graphics\Items</Filter>
    </ClInclude>
    <ClInclude Include="WICTextureLoader.h">
      <Filter>Header Files\Graphics</Filter>
    </ClInclude>
    <ClInclude Include="S_ModelPaths.h">
      <Filter>Header Files</Filter>
    </ClInclude>
    <ClInclude Include="Canals.h">
      <Filter>Header Files\Sound</Filter>
    </ClInclude>
    <ClInclude Include="..\x64\Release\bin\x64\lua\KEY VALUES.h">
      <Filter>Resource Files</Filter>
    </ClInclude>
    <ClInclude Include="LUAManager.h">
      <Filter>Header Files\LUA</Filter>
    </ClInclude>
    <ClInclude Include="UserInterfaceGameMenu.h">
      <Filter>Header Files\Graphics\Interface</Filter>
    </ClInclude>
    <ClInclude Include="Font.h">
      <Filter>Header Files</Filter>
    </ClInclude>
    <ClInclude Include="LetterSprite.h">
      <Filter>Header Files</Filter>
    </ClInclude>
    <ClInclude Include="Text.h">
      <Filter>Header Files</Filter>
    </ClInclude>
    <ClInclude Include="DynamicArray.h">
      <Filter>Header Files</Filter>
    </ClInclude>
    <ClInclude Include="GraphicsManager.h">
      <Filter>Header Files</Filter>
    </ClInclude>
    <ClInclude Include="VariablesManager.h">
      <Filter>Header Files</Filter>
    </ClInclude>
    <ClInclude Include="2D\TextFormat.h">
      <Filter>Header Files</Filter>
    </ClInclude>
    <ClInclude Include="2D\TextSize.h">
      <Filter>Header Files</Filter>
    </ClInclude>
    <ClInclude Include="2D\Types.h">
      <Filter>Header Files</Filter>
    </ClInclude>
    <ClInclude Include="WindowHandle.h">
      <Filter>Header Files</Filter>
    </ClInclude>
    <ClInclude Include="IPP.h">
      <Filter>Header Files</Filter>
    </ClInclude>
    <ClInclude Include="Doodads.h">
      <Filter>Header Files</Filter>
    </ClInclude>
    <ClInclude Include="RenderContainer.h">
      <Filter>Header Files</Filter>
    </ClInclude>
    <ClInclude Include="Tree.h">
      <Filter>Header Files</Filter>
    </ClInclude>
    <ClInclude Include="RenderZMap.h">
      <Filter>Header Files</Filter>
    </ClInclude>
    <ClInclude Include="RenderContainerVector.h">
      <Filter>Header Files</Filter>
    </ClInclude>
    <ClInclude Include="Sorting.h">
      <Filter>Header Files</Filter>
    </ClInclude>
    <ClInclude Include="GameChat.h">
      <Filter>Header Files</Filter>
    </ClInclude>
    <ClInclude Include="TextArea.h">
      <Filter>Header Files</Filter>
    </ClInclude>
    <ClInclude Include="ShadowShader.h">
      <Filter>Header Files</Filter>
    </ClInclude>
    <ClInclude Include="ShaderPackage.h">
      <Filter>Header Files</Filter>
    </ClInclude>
    <ClInclude Include="ScreenShader.h">
      <Filter>Header Files\Graphics\Shaders</Filter>
    </ClInclude>
    <ClInclude Include="ShaderV2.h">
      <Filter>Header Files</Filter>
    </ClInclude>
    <ClInclude Include="CPU.h">
      <Filter>Header Files</Filter>
    </ClInclude>
    <ClInclude Include="LuaPointersManager.h">
      <Filter>Header Files</Filter>
    </ClInclude>
    <ClInclude Include="LuaPointer.h">
      <Filter>Header Files</Filter>
    </ClInclude>
    <ClInclude Include="Menu.h">
      <Filter>Header Files</Filter>
    </ClInclude>
    <ClInclude Include="ThreadPool.h">
      <Filter>Core</Filter>
    </ClInclude>
    <ClInclude Include="gdef.h">
      <Filter>Header Files\Engine\defines</Filter>
    </ClInclude>
    <ClInclude Include="Sprite.h">
      <Filter>Header Files</Filter>
    </ClInclude>
    <ClInclude Include="AnimatedDoodads.h">
      <Filter>Header Files\Engine</Filter>
    </ClInclude>
    <ClInclude Include="String.h">
      <Filter>Core</Filter>
    </ClInclude>
    <ClInclude Include="List.h">
      <Filter>Core</Filter>
    </ClInclude>
    <ClInclude Include="IBidirectionalStruct.h">
      <Filter>Core</Filter>
    </ClInclude>
    <ClInclude Include="IBidirectionalElement.h">
      <Filter>Core</Filter>
    </ClInclude>
    <ClInclude Include="Attack.h">
      <Filter>Header Files</Filter>
    </ClInclude>
    <ClInclude Include="AttackTarget.h">
      <Filter>Header Files</Filter>
    </ClInclude>
    <ClInclude Include="UnitGroup.h">
      <Filter>Header Files</Filter>
    </ClInclude>
    <ClInclude Include="UnitSounds.h">
      <Filter>Header Files</Filter>
    </ClInclude>
    <ClInclude Include="UnitFactory.h">
      <Filter>Header Files</Filter>
    </ClInclude>
    <ClInclude Include="Destructible.h">
      <Filter>Header Files</Filter>
    </ClInclude>
    <ClInclude Include="resource.h">
      <Filter>Header Files</Filter>
    </ClInclude>
    <ClInclude Include="Allocator.h">
      <Filter>Core</Filter>
    </ClInclude>
    <ClInclude Include="IParameter.h">
      <Filter>Header Files</Filter>
    </ClInclude>
    <ClInclude Include="PointerParameter.h">
      <Filter>Header Files</Filter>
    </ClInclude>
    <ClInclude Include="BasicParameter.h">
      <Filter>Header Files</Filter>
    </ClInclude>
    <ClInclude Include="ITrigger.h">
      <Filter>Header Files</Filter>
    </ClInclude>
    <ClInclude Include="Stack.h">
      <Filter>Header Files</Filter>
    </ClInclude>
    <ClInclude Include="GarbageCollector.h">
      <Filter>Header Files</Filter>
    </ClInclude>
    <ClInclude Include="ITrash.h">
      <Filter>Header Files</Filter>
    </ClInclude>
    <ClInclude Include="FreeTrash.h">
      <Filter>Header Files</Filter>
    </ClInclude>
    <ClInclude Include="DeleteAction.h">
      <Filter>Header Files</Filter>
    </ClInclude>
    <ClInclude Include="DeleteTrash.h">
      <Filter>Header Files</Filter>
    </ClInclude>
    <ClInclude Include="Region.h">
      <Filter>Header Files</Filter>
    </ClInclude>
    <ClInclude Include="RegionPointObject.h">
      <Filter>Header Files</Filter>
    </ClInclude>
    <ClInclude Include="ObjectAnchorType.h">
      <Filter>Header Files</Filter>
    </ClInclude>
    <ClInclude Include="RenderHandle.h">
      <Filter>Header Files</Filter>
    </ClInclude>
    <ClInclude Include="Handle.h">
      <Filter>Header Files</Filter>
    </ClInclude>
    <ClInclude Include="Widget.h">
      <Filter>Header Files</Filter>
    </ClInclude>
    <ClInclude Include="HandleIntersetionInfo.h">
      <Filter>Header Files</Filter>
    </ClInclude>
    <ClInclude Include="HandleType.h">
      <Filter>Header Files</Filter>
    </ClInclude>
    <ClInclude Include="WidgetAnchor.h">
      <Filter>Header Files</Filter>
    </ClInclude>
    <ClInclude Include="WidgetFlags.h">
      <Filter>Header Files</Filter>
    </ClInclude>
    <ClInclude Include="Timer.h">
      <Filter>Resource Files</Filter>
    </ClInclude>
    <ClInclude Include="UnitStats.h">
      <Filter>Header Files</Filter>
    </ClInclude>
    <ClInclude Include="WalkingStance.h">
      <Filter>Header Files</Filter>
    </ClInclude>
    <ClInclude Include="ModelStance.h">
      <Filter>Header Files</Filter>
    </ClInclude>
    <ClInclude Include="UnitTemplate.h">
      <Filter>Header Files</Filter>
    </ClInclude>
    <ClInclude Include="UnitDefaults.h">
      <Filter>Header Files</Filter>
    </ClInclude>
    <ClInclude Include="modern\modern_xmath.h">
      <Filter>Header Files\modern</Filter>
    </ClInclude>
    <ClInclude Include="modern\modern_weak.h">
      <Filter>Header Files\modern</Filter>
    </ClInclude>
    <ClInclude Include="modern\modern_unique.h">
      <Filter>Header Files\modern</Filter>
    </ClInclude>
    <ClInclude Include="modern\modern_string.h">
      <Filter>Header Files\modern</Filter>
    </ClInclude>
    <ClInclude Include="modern\modern_pair.h">
      <Filter>Header Files\modern</Filter>
    </ClInclude>
    <ClInclude Include="modern\modern_shared.h">
      <Filter>Header Files\modern</Filter>
    </ClInclude>
    <ClInclude Include="modern\modern_memory.h">
      <Filter>Header Files\modern</Filter>
    </ClInclude>
    <ClInclude Include="modern\modern_math.h">
      <Filter>Header Files\modern</Filter>
    </ClInclude>
    <ClInclude Include="modern\modern_exception.h">
      <Filter>Header Files\modern</Filter>
    </ClInclude>
    <ClInclude Include="modern\modern_def.h">
      <Filter>Header Files\modern</Filter>
    </ClInclude>
    <ClInclude Include="modern\modern.h">
      <Filter>Header Files\modern</Filter>
    </ClInclude>
    <ClInclude Include="UnitDecay.h">
      <Filter>Header Files</Filter>
    </ClInclude>
    <ClInclude Include="RenderLayer.h">
      <Filter>Header Files</Filter>
    </ClInclude>
    <ClInclude Include="RenderLayerType.h">
      <Filter>Header Files</Filter>
    </ClInclude>
    <ClInclude Include="RenderLayerCorpse.h">
      <Filter>Header Files</Filter>
    </ClInclude>
    <ClInclude Include="RenderLayerShadow.h">
      <Filter>Header Files</Filter>
    </ClInclude>
    <ClInclude Include="RenderLayerObject.h">
      <Filter>Header Files</Filter>
    </ClInclude>
    <ClInclude Include="ObjectManagementType.h">
      <Filter>Header Files</Filter>
    </ClInclude>
    <ClInclude Include="Shadow.h">
      <Filter>Header Files</Filter>
    </ClInclude>
    <ClInclude Include="ObjectIntersectionInfo.h">
      <Filter>Header Files</Filter>
    </ClInclude>
    <ClInclude Include="game_math.h">
      <Filter>Header Files</Filter>
    </ClInclude>
    <ClInclude Include="ObjectFlags.h">
      <Filter>Header Files</Filter>
    </ClInclude>
    <ClInclude Include="npc.h">
      <Filter>Header Files</Filter>
    </ClInclude>
    <ClInclude Include="IActionSplitArrayBehavior.h">
      <Filter>Header Files</Filter>
    </ClInclude>
    <ClInclude Include="IActionTimer.h">
      <Filter>Header Files</Filter>
    </ClInclude>
    <ClInclude Include="RenderLayerItem.h">
      <Filter>Header Files</Filter>
    </ClInclude>
    <ClInclude Include="ICondition.h">
      <Filter>Header Files</Filter>
    </ClInclude>
    <ClInclude Include="IActionCondition.h">
      <Filter>Header Files</Filter>
    </ClInclude>
    <ClInclude Include="ConditionFactory.h">
      <Filter>Header Files</Filter>
    </ClInclude>
    <ClInclude Include="IBooleanVariable.h">
      <Filter>Header Files</Filter>
    </ClInclude>
    <ClInclude Include="IntegerOperatorType.h">
      <Filter>Header Files</Filter>
    </ClInclude>
    <ClInclude Include="IntegerConditionEquals.h">
      <Filter>Header Files</Filter>
    </ClInclude>
    <ClInclude Include="IntegerConditionGreater.h">
      <Filter>Header Files</Filter>
    </ClInclude>
    <ClInclude Include="IntegerConditionGreaterOrEquals.h">
      <Filter>Header Files</Filter>
    </ClInclude>
    <ClInclude Include="IntegerConditionLess.h">
      <Filter>Header Files</Filter>
    </ClInclude>
    <ClInclude Include="IntegerConditionLessOrEquals.h">
      <Filter>Header Files</Filter>
    </ClInclude>
    <ClInclude Include="IntegerConditionNotEquals.h">
      <Filter>Header Files</Filter>
    </ClInclude>
    <ClInclude Include="IObjectVariable.h">
      <Filter>Header Files</Filter>
    </ClInclude>
    <ClInclude Include="ObjectOperatorType.h">
      <Filter>Header Files</Filter>
    </ClInclude>
    <ClInclude Include="IScript.h">
      <Filter>Header Files</Filter>
    </ClInclude>
    <ClInclude Include="LuaScript.h">
      <Filter>Header Files</Filter>
    </ClInclude>
    <ClInclude Include="FrameLocker.h">
      <Filter>Header Files</Filter>
    </ClInclude>
    <ClInclude Include="modern\modern_array.h">
      <Filter>Header Files\modern</Filter>
    </ClInclude>
    <ClInclude Include="modern\modern_array_iterator.h">
      <Filter>Header Files\modern</Filter>
    </ClInclude>
    <ClInclude Include="ColorFilter.h">
      <Filter>Header Files</Filter>
    </ClInclude>
    <ClInclude Include="ObjectFocusType.h">
      <Filter>Header Files</Filter>
    </ClInclude>
    <ClInclude Include="MainMenu.h">
      <Filter>Header Files</Filter>
    </ClInclude>
    <ClInclude Include="MenuRendererManager.h">
      <Filter>Header Files</Filter>
    </ClInclude>
    <ClInclude Include="IRendererManager.h">
      <Filter>Header Files</Filter>
    </ClInclude>
    <ClInclude Include="ISound.h">
      <Filter>Header Files</Filter>
    </ClInclude>
    <ClInclude Include="MultiSound.h">
      <Filter>Header Files</Filter>
    </ClInclude>
    <ClInclude Include="SoundType.h">
      <Filter>Header Files</Filter>
    </ClInclude>
    <ClInclude Include="SingleSound.h">
      <Filter>Header Files</Filter>
    </ClInclude>
    <ClInclude Include="RenderLayerInterface.h">
      <Filter>Header Files</Filter>
    </ClInclude>
    <ClInclude Include="IInterfaceBehavior.h">
      <Filter>Header Files</Filter>
    </ClInclude>
    <ClInclude Include="PositionC.h">
      <Filter>Header Files</Filter>
    </ClInclude>
    <ClInclude Include="DeleteArrayTrash.h">
      <Filter>Header Files</Filter>
    </ClInclude>
    <ClInclude Include="TextAlignment.h">
      <Filter>Header Files</Filter>
    </ClInclude>
    <ClInclude Include="modern\modern_cstring.h">
      <Filter>Header Files\modern</Filter>
    </ClInclude>
    <ClInclude Include="IPTask.h">
      <Filter>Header Files</Filter>
    </ClInclude>
    <ClInclude Include="PTaskGCClear.h">
      <Filter>Header Files</Filter>
    </ClInclude>
    <ClInclude Include="PTaskRender.h">
      <Filter>Header Files</Filter>
    </ClInclude>
    <ClInclude Include="modern\modern_class.h">
      <Filter>Header Files\modern</Filter>
    </ClInclude>
    <ClInclude Include="modern\modern_guard.h">
      <Filter>Header Files\modern</Filter>
    </ClInclude>
    <ClInclude Include="modern\modern_guard_status.h">
      <Filter>Header Files\modern</Filter>
    </ClInclude>
    <ClInclude Include="modern\modern_shared_guard.h">
      <Filter>Header Files\modern</Filter>
    </ClInclude>
    <ClInclude Include="modern\modern_handle.h">
      <Filter>Header Files\modern</Filter>
    </ClInclude>
    <ClInclude Include="DeleteObject.h">
      <Filter>Header Files</Filter>
    </ClInclude>
    <ClInclude Include="DeleteHandleTrash.h">
      <Filter>Header Files</Filter>
    </ClInclude>
    <ClInclude Include="ActionApplyColorFilter.h">
      <Filter>Header Files\Actions</Filter>
    </ClInclude>
    <ClInclude Include="ActionAttack.h">
      <Filter>Header Files\Actions</Filter>
    </ClInclude>
    <ClInclude Include="ActionBehavior.h">
      <Filter>Header Files\Actions</Filter>
    </ClInclude>
    <ClInclude Include="ActionChangeLayer.h">
      <Filter>Header Files\Actions</Filter>
    </ClInclude>
    <ClInclude Include="ActionExecuteAction.h">
      <Filter>Header Files\Actions</Filter>
    </ClInclude>
    <ClInclude Include="ActionExecuteActionArray.h">
      <Filter>Header Files\Actions</Filter>
    </ClInclude>
    <ClInclude Include="ActionIfThenElse.h">
      <Filter>Header Files\Actions</Filter>
    </ClInclude>
    <ClInclude Include="ActionInitializeText.h">
      <Filter>Header Files\Actions</Filter>
    </ClInclude>
    <ClInclude Include="ActionKillUnit.h">
      <Filter>Header Files\Actions</Filter>
    </ClInclude>
    <ClInclude Include="ActionMap.h">
      <Filter>Header Files\Actions</Filter>
    </ClInclude>
    <ClInclude Include="ActionMessageFront.h">
      <Filter>Header Files\Actions</Filter>
    </ClInclude>
    <ClInclude Include="ActionPushObject.h">
      <Filter>Header Files\Actions</Filter>
    </ClInclude>
    <ClInclude Include="ActionRemoveObject.h">
      <Filter>Header Files\Actions</Filter>
    </ClInclude>
    <ClInclude Include="ActionSetCellMultiplier.h">
      <Filter>Header Files\Actions</Filter>
    </ClInclude>
    <ClInclude Include="ActionSetInterfaceText.h">
      <Filter>Header Files\Actions</Filter>
    </ClInclude>
    <ClInclude Include="ActionSetShadowCast.h">
      <Filter>Header Files\Actions</Filter>
    </ClInclude>
    <ClInclude Include="ActionSkipRemainingActions.h">
      <Filter>Header Files\Actions</Filter>
    </ClInclude>
    <ClInclude Include="ActionStance.h">
      <Filter>Header Files\Actions</Filter>
    </ClInclude>
    <ClInclude Include="ActionTranslateText.h">
      <Filter>Header Files\Actions</Filter>
    </ClInclude>
    <ClInclude Include="ActionType.h">
      <Filter>Header Files\Actions</Filter>
    </ClInclude>
    <ClInclude Include="ActionWait.h">
      <Filter>Header Files\Actions</Filter>
    </ClInclude>
    <ClInclude Include="ActionWaitUntil.h">
      <Filter>Header Files\Actions</Filter>
    </ClInclude>
    <ClInclude Include="BooleanVariableUnitIsSelected.h">
      <Filter>Header Files\Variables\Boolean</Filter>
    </ClInclude>
    <ClInclude Include="BooleanVariableUnitIsDead.h">
      <Filter>Header Files\Variables\Boolean</Filter>
    </ClInclude>
    <ClInclude Include="BooleanVariableUnitIsAttacking.h">
      <Filter>Header Files\Variables\Boolean</Filter>
    </ClInclude>
    <ClInclude Include="BooleanVariableUnitIsAlive.h">
      <Filter>Header Files\Variables\Boolean</Filter>
    </ClInclude>
    <ClInclude Include="BooleanVariableObjectIsSelected.h">
      <Filter>Header Files\Variables\Boolean</Filter>
    </ClInclude>
    <ClInclude Include="BooleanVariableIsKeyDown.h">
      <Filter>Header Files\Variables\Boolean</Filter>
    </ClInclude>
    <ClInclude Include="ConstBooleanVariable.h">
      <Filter>Header Files\Variables\Boolean</Filter>
    </ClInclude>
    <ClInclude Include="ConstBooleanVariableFalse.h">
      <Filter>Header Files\Variables\Boolean</Filter>
    </ClInclude>
    <ClInclude Include="ConstBooleanVariableTrue.h">
      <Filter>Header Files\Variables\Boolean</Filter>
    </ClInclude>
    <ClInclude Include="ConstFloatVariable.h">
      <Filter>Header Files\Variables\Float</Filter>
    </ClInclude>
    <ClInclude Include="ConstIntegerVariable.h">
      <Filter>Header Files\Variables\Integer</Filter>
    </ClInclude>
    <ClInclude Include="ConstObjectVariable.h">
      <Filter>Header Files\Variables\Object</Filter>
    </ClInclude>
    <ClInclude Include="ConditionTimer.h">
      <Filter>Header Files\Timers</Filter>
    </ClInclude>
    <ClInclude Include="ExpiringTimer.h">
      <Filter>Header Files\Timers</Filter>
    </ClInclude>
    <ClInclude Include="AndCondition.h">
      <Filter>Header Files\Conditions\Basic</Filter>
    </ClInclude>
    <ClInclude Include="BooleanConditionEquals.h">
      <Filter>Header Files\Conditions\Boolean</Filter>
    </ClInclude>
    <ClInclude Include="BooleanConditionNotEquals.h">
      <Filter>Header Files\Conditions\Boolean</Filter>
    </ClInclude>
    <ClInclude Include="FloatConditionEquals.h">
      <Filter>Header Files\Conditions\Float</Filter>
    </ClInclude>
    <ClInclude Include="FloatConditionGreater.h">
      <Filter>Header Files\Conditions\Float</Filter>
    </ClInclude>
    <ClInclude Include="FloatConditionGreaterOrEquals.h">
      <Filter>Header Files\Conditions\Float</Filter>
    </ClInclude>
    <ClInclude Include="FloatConditionLess.h">
      <Filter>Header Files\Conditions\Float</Filter>
    </ClInclude>
    <ClInclude Include="FloatConditionLessOrEquals.h">
      <Filter>Header Files\Conditions\Float</Filter>
    </ClInclude>
    <ClInclude Include="FloatConditionNotEquals.h">
      <Filter>Header Files\Conditions\Float</Filter>
    </ClInclude>
    <ClInclude Include="FloatVariableDistanceBetweenObjects.h">
      <Filter>Header Files\Variables\Float</Filter>
    </ClInclude>
    <ClInclude Include="FloatVariableUnitDistanceFromCamera.h">
      <Filter>Header Files\Variables\Float</Filter>
    </ClInclude>
    <ClInclude Include="FloatVariableUnitGetRotation.h">
      <Filter>Header Files\Variables\Float</Filter>
    </ClInclude>
    <ClInclude Include="BooleanOperatorType.h">
      <Filter>Header Files\Operators</Filter>
    </ClInclude>
    <ClInclude Include="FloatOperatorType.h">
      <Filter>Header Files\Operators</Filter>
    </ClInclude>
    <ClInclude Include="FuzzyTimer.h">
      <Filter>Header Files\Timers</Filter>
    </ClInclude>
    <ClInclude Include="OrCondition.h">
      <Filter>Header Files\Conditions\Basic</Filter>
    </ClInclude>
    <ClInclude Include="PeriodicTimer.h">
      <Filter>Header Files\Timers</Filter>
    </ClInclude>
    <ClInclude Include="ObjectConditionEquals.h">
      <Filter>Header Files\Conditions\Object</Filter>
    </ClInclude>
    <ClInclude Include="ObjectConditionNotEquals.h">
      <Filter>Header Files\Conditions\Object</Filter>
    </ClInclude>
    <ClInclude Include="ITimer.h">
      <Filter>Header Files\Timers</Filter>
    </ClInclude>
    <ClInclude Include="IAction.h">
      <Filter>Header Files\Actions</Filter>
    </ClInclude>
    <ClInclude Include="InterfaceCheckboxBehavior.h">
      <Filter>Header Files\Interface</Filter>
    </ClInclude>
    <ClInclude Include="InterfaceButtonBehavior.h">
      <Filter>Header Files\Interface</Filter>
    </ClInclude>
    <ClInclude Include="InterfaceBehaviorType.h">
      <Filter>Header Files\Interface</Filter>
    </ClInclude>
    <ClInclude Include="Interface.h">
      <Filter>Header Files\Interface</Filter>
    </ClInclude>
    <ClInclude Include="Options.h">
      <Filter>Header Files</Filter>
    </ClInclude>
    <ClInclude Include="IBindableBehavior.h">
      <Filter>Header Files</Filter>
    </ClInclude>
    <ClInclude Include="ActionSetTextAlignment.h">
      <Filter>Header Files\Actions</Filter>
    </ClInclude>
    <ClInclude Include="IFloatVariable.h">
      <Filter>Header Files\Variables\Float</Filter>
    </ClInclude>
    <ClInclude Include="IIntegerVariable.h">
      <Filter>Header Files\Variables\Integer</Filter>
    </ClInclude>
    <ClInclude Include="InstantTimer.h">
      <Filter>Header Files\Timers</Filter>
    </ClInclude>
    <ClInclude Include="FuzzyExpiringTimer.h">
      <Filter>Header Files\Timers</Filter>
    </ClInclude>
  </ItemGroup>
  <ItemGroup>
    <ClCompile Include="FrameWork.cpp">
      <Filter>Source Files</Filter>
    </ClCompile>
    <ClCompile Include="Source.cpp">
      <Filter>Source Files</Filter>
    </ClCompile>
    <ClCompile Include="DXManager.cpp">
      <Filter>Source Files</Filter>
    </ClCompile>
    <ClCompile Include="Graphics.cpp">
      <Filter>Source Files</Filter>
    </ClCompile>
    <ClCompile Include="Engine.cpp">
      <Filter>Source Files</Filter>
    </ClCompile>
    <ClCompile Include="Shader.cpp">
      <Filter>Source Files</Filter>
    </ClCompile>
    <ClCompile Include="TextureShader.cpp">
      <Filter>Source Files</Filter>
    </ClCompile>
    <ClCompile Include="VertexBuffer.cpp">
      <Filter>Source Files</Filter>
    </ClCompile>
    <ClCompile Include="Texture.cpp">
      <Filter>Source Files</Filter>
    </ClCompile>
    <ClCompile Include="Sprite.cpp">
      <Filter>Source Files</Filter>
    </ClCompile>
    <ClCompile Include="ResourceManager.cpp">
      <Filter>Source Files</Filter>
    </ClCompile>
    <ClCompile Include="Camera.cpp">
      <Filter>Source Files</Filter>
    </ClCompile>
    <ClCompile Include="ResourceTexture.cpp">
      <Filter>Source Files</Filter>
    </ClCompile>
    <ClCompile Include="ResourceShader.cpp">
      <Filter>Source Files</Filter>
    </ClCompile>
    <ClCompile Include="Input.cpp">
      <Filter>Source Files</Filter>
    </ClCompile>
    <ClCompile Include="GameComponent.cpp">
      <Filter>Source Files</Filter>
    </ClCompile>
    <ClCompile Include="GameScene.cpp">
      <Filter>Source Files</Filter>
    </ClCompile>
    <ClCompile Include="ResourceSound.cpp">
      <Filter>Source Files</Filter>
    </ClCompile>
    <ClCompile Include="Sound.cpp">
      <Filter>Source Files</Filter>
    </ClCompile>
    <ClCompile Include="GlobalUtilities.cpp">
      <Filter>Source Files</Filter>
    </ClCompile>
    <ClCompile Include="WICTextureLoader.cpp">
      <Filter>Source Files</Filter>
    </ClCompile>
    <ClCompile Include="RendererManager.cpp">
      <Filter>Source Files</Filter>
    </ClCompile>
    <ClCompile Include="Tile.cpp">
      <Filter>Source Files</Filter>
    </ClCompile>
    <ClCompile Include="Unit.cpp">
      <Filter>Source Files</Filter>
    </ClCompile>
    <ClCompile Include="UserInterfaceGame.cpp">
      <Filter>Source Files</Filter>
    </ClCompile>
    <ClCompile Include="UserInterface.cpp">
      <Filter>Source Files</Filter>
    </ClCompile>
    <ClCompile Include="UserInterfaceMainMenu.cpp">
      <Filter>Source Files</Filter>
    </ClCompile>
    <ClCompile Include="SettingsC.cpp">
      <Filter>Source Files</Filter>
    </ClCompile>
    <ClCompile Include="Global.cpp">
      <Filter>Source Files</Filter>
    </ClCompile>
    <ClCompile Include="Task.cpp">
      <Filter>Source Files</Filter>
    </ClCompile>
    <ClCompile Include="TaskQueue.cpp">
      <Filter>Source Files</Filter>
    </ClCompile>
    <ClCompile Include="CameraControl.cpp">
      <Filter>Source Files</Filter>
    </ClCompile>
    <ClCompile Include="LUAManager.cpp">
      <Filter>Source Files</Filter>
    </ClCompile>
    <ClCompile Include="S_ModelPaths.cpp">
      <Filter>Source Files</Filter>
    </ClCompile>
    <ClCompile Include="Canals.cpp">
      <Filter>Source Files</Filter>
    </ClCompile>
    <ClCompile Include="UserInterfaceGameMenu.cpp">
      <Filter>Source Files</Filter>
    </ClCompile>
    <ClCompile Include="Font.cpp">
      <Filter>Source Files</Filter>
    </ClCompile>
    <ClCompile Include="LetterSprite.cpp">
      <Filter>Source Files</Filter>
    </ClCompile>
    <ClCompile Include="Text.cpp">
      <Filter>Source Files</Filter>
    </ClCompile>
    <ClCompile Include="GraphicsManager.cpp">
      <Filter>Source Files</Filter>
    </ClCompile>
    <ClCompile Include="VariablesManager.cpp">
      <Filter>Source Files</Filter>
    </ClCompile>
    <ClCompile Include="LuaCallback.cpp">
      <Filter>Source Files</Filter>
    </ClCompile>
    <ClCompile Include="WindowHandle.cpp">
      <Filter>Source Files</Filter>
    </ClCompile>
    <ClCompile Include="IPP.cpp">
      <Filter>Source Files</Filter>
    </ClCompile>
    <ClCompile Include="Doodads.cpp">
      <Filter>Source Files</Filter>
    </ClCompile>
    <ClCompile Include="RenderContainer.cpp">
      <Filter>Source Files</Filter>
    </ClCompile>
    <ClCompile Include="Tree.cpp">
      <Filter>Source Files</Filter>
    </ClCompile>
    <ClCompile Include="RenderZMap.cpp">
      <Filter>Source Files</Filter>
    </ClCompile>
    <ClCompile Include="RenderContainerVector.cpp">
      <Filter>Source Files</Filter>
    </ClCompile>
    <ClCompile Include="Sorting.cpp">
      <Filter>Source Files</Filter>
    </ClCompile>
    <ClCompile Include="GameChat.cpp">
      <Filter>Source Files</Filter>
    </ClCompile>
    <ClCompile Include="GlobalVariables.cpp">
      <Filter>Source Files</Filter>
    </ClCompile>
    <ClCompile Include="TextArea.cpp">
      <Filter>Source Files</Filter>
    </ClCompile>
    <ClCompile Include="ShadowShader.cpp">
      <Filter>Source Files</Filter>
    </ClCompile>
    <ClCompile Include="ShaderPackage.cpp">
      <Filter>Source Files</Filter>
    </ClCompile>
    <ClCompile Include="ShaderV2.cpp">
      <Filter>Source Files</Filter>
    </ClCompile>
    <ClCompile Include="CPU.cpp">
      <Filter>Source Files\C</Filter>
    </ClCompile>
    <ClCompile Include="Menu.cpp">
      <Filter>Source Files</Filter>
    </ClCompile>
    <ClCompile Include="ThreadPool.cpp">
      <Filter>Core</Filter>
    </ClCompile>
    <ClCompile Include="AnimatedDoodads.cpp">
      <Filter>Source Files</Filter>
    </ClCompile>
    <ClCompile Include="Attack.cpp">
      <Filter>Header Files</Filter>
    </ClCompile>
    <ClCompile Include="AttackTarget.cpp">
      <Filter>Source Files</Filter>
    </ClCompile>
    <ClCompile Include="UnitGroup.cpp">
      <Filter>Source Files</Filter>
    </ClCompile>
    <ClCompile Include="UnitSounds.cpp">
      <Filter>Source Files</Filter>
    </ClCompile>
    <ClCompile Include="UnitFactory.cpp">
      <Filter>Source Files</Filter>
    </ClCompile>
    <ClCompile Include="Destructible.cpp">
      <Filter>Source Files</Filter>
    </ClCompile>
    <ClCompile Include="Allocator.cpp">
      <Filter>Core</Filter>
    </ClCompile>
    <ClCompile Include="ColorFilter.cpp">
      <Filter>Source Files</Filter>
    </ClCompile>
    <ClCompile Include="IAction.cpp">
      <Filter>Source Files</Filter>
    </ClCompile>
    <ClCompile Include="ActionMap.cpp">
      <Filter>Source Files</Filter>
    </ClCompile>
    <ClCompile Include="ActionRemoveObject.cpp">
      <Filter>Source Files</Filter>
    </ClCompile>
    <ClCompile Include="ITimer.cpp">
      <Filter>Source Files</Filter>
    </ClCompile>
    <ClCompile Include="Timer.cpp">
      <Filter>Source Files</Filter>
    </ClCompile>
    <ClCompile Include="ExpiringTimer.cpp">
      <Filter>Source Files</Filter>
    </ClCompile>
    <ClCompile Include="ActionSetCellMultiplier.cpp">
      <Filter>Source Files</Filter>
    </ClCompile>
    <ClCompile Include="PeriodicTimer.cpp">
      <Filter>Source Files</Filter>
    </ClCompile>
    <ClCompile Include="ActionApplyColorFilter.cpp">
      <Filter>Source Files</Filter>
    </ClCompile>
    <ClCompile Include="IParameter.cpp">
      <Filter>Source Files</Filter>
    </ClCompile>
    <ClCompile Include="PointerParameter.cpp">
      <Filter>Source Files</Filter>
    </ClCompile>
    <ClCompile Include="BasicParameter.cpp">
      <Filter>Source Files</Filter>
    </ClCompile>
    <ClCompile Include="ActionMessageFront.cpp">
      <Filter>Source Files</Filter>
    </ClCompile>
    <ClCompile Include="ITrigger.cpp">
      <Filter>Source Files</Filter>
    </ClCompile>
    <ClCompile Include="Stack.cpp">
      <Filter>Source Files</Filter>
    </ClCompile>
    <ClCompile Include="GarbageCollector.cpp">
      <Filter>Source Files</Filter>
    </ClCompile>
    <ClCompile Include="ITrash.cpp">
      <Filter>Source Files</Filter>
    </ClCompile>
    <ClCompile Include="FreeTrash.cpp">
      <Filter>Source Files</Filter>
    </ClCompile>
    <ClCompile Include="DeleteAction.cpp">
      <Filter>Source Files</Filter>
    </ClCompile>
    <ClCompile Include="DeleteTrash.cpp">
      <Filter>Source Files</Filter>
    </ClCompile>
    <ClCompile Include="Region.cpp">
      <Filter>Source Files</Filter>
    </ClCompile>
    <ClCompile Include="RegionPointObject.cpp">
      <Filter>Source Files</Filter>
    </ClCompile>
    <ClCompile Include="RenderHandle.cpp">
      <Filter>Source Files</Filter>
    </ClCompile>
    <ClCompile Include="Handle.cpp">
      <Filter>Source Files</Filter>
    </ClCompile>
    <ClCompile Include="Widget.cpp">
      <Filter>Source Files</Filter>
    </ClCompile>
    <ClCompile Include="HandleIntersetionInfo.cpp">
      <Filter>Source Files</Filter>
    </ClCompile>
    <ClCompile Include="WidgetFlags.cpp">
      <Filter>Source Files</Filter>
    </ClCompile>
    <ClCompile Include="ActionAttack.cpp">
      <Filter>Source Files</Filter>
    </ClCompile>
    <ClCompile Include="UnitStats.cpp">
      <Filter>Source Files</Filter>
    </ClCompile>
    <ClCompile Include="ActionExecuteAction.cpp">
      <Filter>Source Files</Filter>
    </ClCompile>
    <ClCompile Include="ActionExecuteActionArray.cpp">
      <Filter>Source Files</Filter>
    </ClCompile>
    <ClCompile Include="UnitTemplate.cpp">
      <Filter>Source Files</Filter>
    </ClCompile>
    <ClCompile Include="modern\modern_string.cpp">
      <Filter>Header Files\modern</Filter>
    </ClCompile>
    <ClCompile Include="InstantTimer.cpp">
      <Filter>Source Files</Filter>
    </ClCompile>
    <ClCompile Include="RenderLayer.cpp">
      <Filter>Source Files</Filter>
    </ClCompile>
    <ClCompile Include="RenderLayerCorpse.cpp">
      <Filter>Source Files</Filter>
    </ClCompile>
    <ClCompile Include="RenderLayerShadow.cpp">
      <Filter>Source Files</Filter>
    </ClCompile>
    <ClCompile Include="RenderLayerObject.cpp">
      <Filter>Source Files</Filter>
    </ClCompile>
    <ClCompile Include="ActionChangeLayer.cpp">
      <Filter>Source Files</Filter>
    </ClCompile>
    <ClCompile Include="ActionPushObject.cpp">
      <Filter>Source Files</Filter>
    </ClCompile>
    <ClCompile Include="ActionKillUnit.cpp">
      <Filter>Source Files</Filter>
    </ClCompile>
    <ClCompile Include="Shadow.cpp">
      <Filter>Source Files</Filter>
    </ClCompile>
    <ClCompile Include="FuzzyTimer.cpp">
      <Filter>Source Files</Filter>
    </ClCompile>
    <ClCompile Include="game_math.cpp">
      <Filter>Source Files</Filter>
    </ClCompile>
    <ClCompile Include="npc.cpp">
      <Filter>Source Files</Filter>
    </ClCompile>
    <ClCompile Include="ActionWait.cpp">
      <Filter>Source Files</Filter>
    </ClCompile>
    <ClCompile Include="IActionSplitArrayBehavior.cpp">
      <Filter>Source Files</Filter>
    </ClCompile>
    <ClCompile Include="IActionTimer.cpp">
      <Filter>Source Files</Filter>
    </ClCompile>
    <ClCompile Include="RenderLayerItem.cpp">
      <Filter>Source Files</Filter>
    </ClCompile>
    <ClCompile Include="ICondition.cpp">
      <Filter>Source Files</Filter>
    </ClCompile>
    <ClCompile Include="ActionWaitUntil.cpp">
      <Filter>Source Files</Filter>
    </ClCompile>
    <ClCompile Include="ConditionTimer.cpp">
      <Filter>Source Files</Filter>
    </ClCompile>
    <ClCompile Include="IActionCondition.cpp">
      <Filter>Source Files</Filter>
    </ClCompile>
    <ClCompile Include="ConditionFactory.cpp">
      <Filter>Source Files</Filter>
    </ClCompile>
    <ClCompile Include="BooleanConditionEquals.cpp">
      <Filter>Source Files</Filter>
    </ClCompile>
    <ClCompile Include="IBooleanVariable.cpp">
      <Filter>Source Files</Filter>
    </ClCompile>
    <ClCompile Include="ConstBooleanVariable.cpp">
      <Filter>Source Files</Filter>
    </ClCompile>
    <ClCompile Include="ConstBooleanVariableTrue.cpp">
      <Filter>Source Files</Filter>
    </ClCompile>
    <ClCompile Include="ConstBooleanVariableFalse.cpp">
      <Filter>Source Files</Filter>
    </ClCompile>
    <ClCompile Include="BooleanConditionNotEquals.cpp">
      <Filter>Source Files</Filter>
    </ClCompile>
    <ClCompile Include="BooleanVariableUnitIsDead.cpp">
      <Filter>Source Files</Filter>
    </ClCompile>
    <ClCompile Include="BooleanVariableUnitIsAttacking.cpp">
      <Filter>Source Files</Filter>
    </ClCompile>
    <ClCompile Include="BooleanVariableUnitIsAlive.cpp">
      <Filter>Source Files</Filter>
    </ClCompile>
    <ClCompile Include="IFloatVariable.cpp">
      <Filter>Source Files</Filter>
    </ClCompile>
    <ClCompile Include="IIntegerVariable.cpp">
      <Filter>Source Files</Filter>
    </ClCompile>
    <ClCompile Include="FloatOperatorType.cpp">
      <Filter>Source Files</Filter>
    </ClCompile>
    <ClCompile Include="BooleanVariableIsKeyDown.cpp">
      <Filter>Source Files</Filter>
    </ClCompile>
    <ClCompile Include="ConstFloatVariable.cpp">
      <Filter>Source Files</Filter>
    </ClCompile>
    <ClCompile Include="FloatConditionEquals.cpp">
      <Filter>Source Files</Filter>
    </ClCompile>
    <ClCompile Include="FloatConditionGreater.cpp">
      <Filter>Source Files</Filter>
    </ClCompile>
    <ClCompile Include="FloatConditionGreaterOrEquals.cpp">
      <Filter>Source Files</Filter>
    </ClCompile>
    <ClCompile Include="FloatConditionLess.cpp">
      <Filter>Source Files</Filter>
    </ClCompile>
    <ClCompile Include="FloatConditionLessOrEquals.cpp">
      <Filter>Source Files</Filter>
    </ClCompile>
    <ClCompile Include="FloatConditionNotEquals.cpp">
      <Filter>Source Files</Filter>
    </ClCompile>
    <ClCompile Include="AndCondition.cpp">
      <Filter>Source Files</Filter>
    </ClCompile>
    <ClCompile Include="OrCondition.cpp">
      <Filter>Source Files</Filter>
    </ClCompile>
    <ClCompile Include="FloatVariableUnitGetRotation.cpp">
      <Filter>Source Files</Filter>
    </ClCompile>
    <ClCompile Include="ActionSkipRemainingActions.cpp">
      <Filter>Source Files</Filter>
    </ClCompile>
    <ClCompile Include="ActionIfThenElse.cpp">
      <Filter>Source Files</Filter>
    </ClCompile>
    <ClCompile Include="FloatVariableUnitDistanceFromCamera.cpp">
      <Filter>Source Files</Filter>
    </ClCompile>
    <ClCompile Include="ConstIntegerVariable.cpp">
      <Filter>Source Files</Filter>
    </ClCompile>
    <ClCompile Include="IntegerConditionEquals.cpp">
      <Filter>Source Files</Filter>
    </ClCompile>
    <ClCompile Include="IntegerConditionGreater.cpp">
      <Filter>Source Files</Filter>
    </ClCompile>
    <ClCompile Include="IntegerConditionGreaterOrEquals.cpp">
      <Filter>Source Files</Filter>
    </ClCompile>
    <ClCompile Include="IntegerConditionLess.cpp">
      <Filter>Source Files</Filter>
    </ClCompile>
    <ClCompile Include="IntegerConditionLessOrEquals.cpp">
      <Filter>Source Files</Filter>
    </ClCompile>
    <ClCompile Include="IntegerConditionNotEquals.cpp">
      <Filter>Source Files</Filter>
    </ClCompile>
    <ClCompile Include="IObjectVariable.cpp">
      <Filter>Source Files</Filter>
    </ClCompile>
    <ClCompile Include="ConstObjectVariable.cpp">
      <Filter>Source Files</Filter>
    </ClCompile>
    <ClCompile Include="ObjectConditionEquals.cpp">
      <Filter>Source Files</Filter>
    </ClCompile>
    <ClCompile Include="ObjectConditionNotEquals.cpp">
      <Filter>Source Files</Filter>
    </ClCompile>
    <ClCompile Include="IScript.cpp">
      <Filter>Source Files</Filter>
    </ClCompile>
    <ClCompile Include="LuaScript.cpp">
      <Filter>Source Files</Filter>
    </ClCompile>
    <ClCompile Include="FrameLocker.cpp">
      <Filter>Source Files</Filter>
    </ClCompile>
    <ClCompile Include="FloatVariableDistanceBetweenObjects.cpp">
      <Filter>Source Files</Filter>
    </ClCompile>
    <ClCompile Include="ActionSetShadowCast.cpp">
      <Filter>Source Files</Filter>
    </ClCompile>
    <ClCompile Include="BooleanVariableUnitIsSelected.cpp">
      <Filter>Source Files</Filter>
    </ClCompile>
    <ClCompile Include="BooleanVariableObjectIsSelected.cpp">
      <Filter>Source Files</Filter>
    </ClCompile>
    <ClCompile Include="MainMenu.cpp">
      <Filter>Source Files</Filter>
    </ClCompile>
    <ClCompile Include="MenuRendererManager.cpp">
      <Filter>Source Files</Filter>
    </ClCompile>
    <ClCompile Include="IRendererManager.cpp">
      <Filter>Source Files</Filter>
    </ClCompile>
    <ClCompile Include="ISound.cpp">
      <Filter>Source Files</Filter>
    </ClCompile>
    <ClCompile Include="MultiSound.cpp">
      <Filter>Source Files</Filter>
    </ClCompile>
    <ClCompile Include="SoundType.cpp">
      <Filter>Source Files</Filter>
    </ClCompile>
    <ClCompile Include="SingleSound.cpp">
      <Filter>Source Files</Filter>
    </ClCompile>
    <ClCompile Include="RenderLayerInterface.cpp">
      <Filter>Source Files</Filter>
    </ClCompile>
    <ClCompile Include="Interface.cpp">
      <Filter>Source Files</Filter>
    </ClCompile>
    <ClCompile Include="IInterfaceBehavior.cpp">
      <Filter>Source Files</Filter>
    </ClCompile>
    <ClCompile Include="InterfaceButtonBehavior.cpp">
      <Filter>Source Files</Filter>
    </ClCompile>
    <ClCompile Include="PositionC.cpp">
      <Filter>Source Files</Filter>
    </ClCompile>
    <ClCompile Include="DeleteArrayTrash.cpp">
      <Filter>Source Files</Filter>
    </ClCompile>
    <ClCompile Include="ActionSetInterfaceText.cpp">
      <Filter>Source Files</Filter>
    </ClCompile>
    <ClCompile Include="modern\modern_cstring.cpp">
      <Filter>Header Files\modern</Filter>
    </ClCompile>
    <ClCompile Include="ActionInitializeText.cpp">
      <Filter>Source Files</Filter>
    </ClCompile>
    <ClCompile Include="PTaskGCClear.cpp">
      <Filter>Source Files</Filter>
    </ClCompile>
    <ClCompile Include="PTaskRender.cpp">
      <Filter>Source Files</Filter>
    </ClCompile>
    <ClCompile Include="modern\modern_class.cpp">
      <Filter>Header Files\modern</Filter>
    </ClCompile>
    <ClCompile Include="modern\modern_guard.cpp">
      <Filter>Header Files\modern</Filter>
    </ClCompile>
    <ClCompile Include="modern\modern_shared_guard.cpp">
      <Filter>Header Files\modern</Filter>
    </ClCompile>
    <ClCompile Include="modern\modern_handle.cpp">
      <Filter>Header Files\modern</Filter>
    </ClCompile>
    <ClCompile Include="DeleteObject.cpp">
      <Filter>Source Files</Filter>
    </ClCompile>
    <ClCompile Include="DeleteHandleTrash.cpp">
      <Filter>Source Files</Filter>
    </ClCompile>
    <ClCompile Include="ActionTranslateText.cpp">
      <Filter>Source Files</Filter>
    </ClCompile>
    <ClCompile Include="InterfaceCheckboxBehavior.cpp">
      <Filter>Source Files</Filter>
    </ClCompile>
    <ClCompile Include="Options.cpp">
      <Filter>Source Files</Filter>
    </ClCompile>
    <ClCompile Include="IBindableBehavior.cpp">
      <Filter>Source Files</Filter>
    </ClCompile>
    <ClCompile Include="ActionSetTextAlignment.cpp">
      <Filter>Source Files</Filter>
    </ClCompile>
    <ClCompile Include="FuzzyExpiringTimer.cpp">
      <Filter>Source Files</Filter>
    </ClCompile>
  </ItemGroup>
  <ItemGroup>
    <None Include="resource.rc">
      <Filter>Resource Files</Filter>
    </None>
    <None Include="x64\Release\bin\settings\interface.ini">
      <Filter>Settings</Filter>
    </None>
    <None Include="x64\Release\bin\settings\settings.file">
      <Filter>Settings</Filter>
    </None>
    <None Include="x64\Release\bin\settings\tile.file">
      <Filter>Settings</Filter>
    </None>
    <None Include="x64\Release\bin\x64\lua\Engine_Initialization.lua">
      <Filter>Lua</Filter>
    </None>
    <None Include="x64\Release\content\Textures\models\amazon.mod">
      <Filter>Models</Filter>
    </None>
    <None Include="x64\Release\content\Textures\models\amazon_light.mod">
      <Filter>Models</Filter>
    </None>
    <None Include="x64\Release\content\Textures\models\barbarian.mod">
      <Filter>Models</Filter>
    </None>
    <None Include="x64\Release\content\Textures\models\diablo.mod">
      <Filter>Models</Filter>
    </None>
    <None Include="x64\Release\content\Textures\models\enemy.mod">
      <Filter>Models</Filter>
    </None>
    <None Include="x64\Release\content\Textures\models\Hero.mod">
      <Filter>Models</Filter>
    </None>
    <None Include="x64\Release\content\Textures\models\paladin.mod">
      <Filter>Models</Filter>
    </None>
    <None Include="x64\Release\content\Textures\models\reaper.mod">
      <Filter>Models</Filter>
    </None>
    <None Include="x64\Release\content\Textures\models\hell_bovine.mod">
      <Filter>Models</Filter>
    </None>
    <None Include="x64\Release\content\Textures\models\irrlicht.mod">
      <Filter>Models</Filter>
    </None>
    <None Include="modern\modern_xmath.inl">
      <Filter>Header Files\modern</Filter>
    </None>
    <None Include="modern\modern_math.inl">
      <Filter>Header Files\modern</Filter>
    </None>
    <None Include="x64\Release\content\Textures\models\griswold.mod">
      <Filter>Models</Filter>
    </None>
    <None Include="game_exe.hpp">
      <Filter>Header Files</Filter>
    </None>
    <None Include="x64\Release\content\Textures\models\baboon.mod">
      <Filter>Models</Filter>
    </None>
    <None Include="x64\Release\content\Textures\models\fallen_shaman.mod">
      <Filter>Models</Filter>
    </None>
    <None Include="x64\Release\bin\x64\lua\interface\MainMenu_Initialization.lua">
      <Filter>Lua\interface</Filter>
    </None>
    <None Include="x64\Release\bin\x64\lua\interface\MainMenu_Update.lua">
      <Filter>Lua\interface</Filter>
    </None>
    <None Include="x64\Release\bin\x64\lua\core\Music.lua">
      <Filter>Lua\core</Filter>
    </None>
    <None Include="x64\Release\bin\x64\lua\core\Unit.lua">
      <Filter>Lua\core</Filter>
    </None>
    <None Include="x64\Release\bin\x64\lua\core\Game.lua">
      <Filter>Lua\core</Filter>
    </None>
    <None Include="x64\Release\bin\x64\lua\core\Interface.lua">
      <Filter>Lua\core</Filter>
    </None>
    <None Include="x64\Release\bin\shaders\select.fx">
      <Filter>HLSL</Filter>
    </None>
    <None Include="x64\Release\bin\shaders\shadow.fx">
      <Filter>HLSL</Filter>
    </None>
    <None Include="x64\Release\bin\shaders\texture.fx">
      <Filter>HLSL</Filter>
    </None>
    <None Include="x64\Release\bin\shaders\tile.fx">
      <Filter>HLSL</Filter>
    </None>
    <None Include="x64\Release\bin\shaders\units.fx">
      <Filter>HLSL</Filter>
    </None>
    <None Include="x64\Release\bin\shaders\interface.fx">
      <Filter>HLSL</Filter>
    </None>
    <None Include="x64\Release\bin\x64\lua\Renderafter.lua">
      <Filter>Lua\Locations</Filter>
    </None>
    <None Include="x64\Release\bin\x64\lua\GameScene_Update.lua">
      <Filter>Lua\Locations</Filter>
    </None>
    <None Include="x64\Release\bin\x64\lua\locations\Loc1_init.lua">
      <Filter>Lua</Filter>
    </None>
    <None Include="x64\Release\bin\x64\lua\GameScene_Initialization.lua">
      <Filter>Lua\Locations</Filter>
    </None>
    <None Include="x64\Release\bin\x64\lua\core\Camera.lua">
      <Filter>Lua\core</Filter>
    </None>
    <None Include="x64\Release\bin\x64\lua\core\Behavior.lua">
      <Filter>Lua\core</Filter>
    </None>
    <None Include="x64\Release\bin\x64\lua\core\Object.lua">
      <Filter>Lua\core</Filter>
    </None>
    <None Include="x64\Release\bin\x64\lua\core\ButtonBehavior.lua">
      <Filter>Lua\core</Filter>
    </None>
    <None Include="GarbageCollector.inl">
      <Filter>Header Files</Filter>
    </None>
    <None Include="DeleteArrayTrash.inl">
      <Filter>Header Files</Filter>
    </None>
  </ItemGroup>
  <ItemGroup>
    <ResourceCompile Include="USiA.rc">
      <Filter>Resource Files</Filter>
    </ResourceCompile>
  </ItemGroup>
  <ItemGroup>
    <Image Include="x64\Release\content\Textures\gui\button.png">
      <Filter>Files\gfx</Filter>
    </Image>
  </ItemGroup>
</Project>