<?xml version="1.0" encoding="utf-8"?>
<Project ToolsVersion="4.0" xmlns="http://schemas.microsoft.com/developer/msbuild/2003">
  <ItemGroup>
    <Filter Include="Source Files">
      <UniqueIdentifier>{4FC737F1-C7A5-4376-A066-2A32D752A2FF}</UniqueIdentifier>
      <Extensions>cpp;c;cc;cxx;def;odl;idl;hpj;bat;asm;asmx</Extensions>
    </Filter>
    <Filter Include="Header Files">
      <UniqueIdentifier>{93995380-89BD-4b04-88EB-625FBE52EBFB}</UniqueIdentifier>
      <Extensions>h;hh;hpp;hxx;hm;inl;inc;xsd</Extensions>
    </Filter>
    <Filter Include="Resource Files">
      <UniqueIdentifier>{67DA6AB6-F800-4c08-8B7A-83BB121AAD01}</UniqueIdentifier>
      <Extensions>rc;ico;cur;bmp;dlg;rc2;rct;bin;rgs;gif;jpg;jpeg;jpe;resx;tiff;tif;png;wav;mfcribbon-ms</Extensions>
    </Filter>
    <Filter Include="Header Files\Engine">
      <UniqueIdentifier>{8071cd3b-ed04-4767-b871-4f274cd13312}</UniqueIdentifier>
    </Filter>
    <Filter Include="Header Files\Engine\ResourceManager">
      <UniqueIdentifier>{da25575d-2e97-4fac-9c04-d7e1354b3774}</UniqueIdentifier>
    </Filter>
    <Filter Include="Header Files\Graphics">
      <UniqueIdentifier>{3c085304-cdde-4d9d-86fc-6d04b7b82dd4}</UniqueIdentifier>
    </Filter>
    <Filter Include="Header Files\Graphics\Items">
      <UniqueIdentifier>{5cafbb7c-93c3-47bf-8e78-79327304f8a4}</UniqueIdentifier>
    </Filter>
    <Filter Include="Header Files\Graphics\Shaders">
      <UniqueIdentifier>{87754c87-61f2-4915-b8f0-39aa9d60433e}</UniqueIdentifier>
    </Filter>
    <Filter Include="Header Files\Framework">
      <UniqueIdentifier>{0763dead-2271-4a86-b819-6f77db48132e}</UniqueIdentifier>
    </Filter>
    <Filter Include="Header Files\Engine\Items">
      <UniqueIdentifier>{d3b8636d-712c-4d0b-9f7f-374434135b87}</UniqueIdentifier>
    </Filter>
    <Filter Include="Header Files\Engine\defines">
      <UniqueIdentifier>{345b19a4-8587-4102-9abe-2e16a4ee5812}</UniqueIdentifier>
    </Filter>
    <Filter Include="Header Files\Engine\Components">
      <UniqueIdentifier>{062b57c3-216b-4626-8bf6-d7c56a1b9dc8}</UniqueIdentifier>
    </Filter>
    <Filter Include="Header Files\Engine\Global">
      <UniqueIdentifier>{b27527a3-4443-444a-b1bc-dd0bc7cc3d77}</UniqueIdentifier>
    </Filter>
    <Filter Include="Header Files\Input">
      <UniqueIdentifier>{5e1282e1-bc9c-4496-97fb-69c35b76691d}</UniqueIdentifier>
    </Filter>
    <Filter Include="Header Files\Engine\Components\Scenes">
      <UniqueIdentifier>{1ecd5268-bfc0-43c5-8ae2-c3f170043d46}</UniqueIdentifier>
    </Filter>
    <Filter Include="Header Files\Sound">
      <UniqueIdentifier>{75fa65c2-f874-4a83-84b8-73b3c6532d61}</UniqueIdentifier>
    </Filter>
    <Filter Include="Header Files\Graphics\Interface">
      <UniqueIdentifier>{2b6d3242-3bcc-4219-bd62-56eb435370fd}</UniqueIdentifier>
    </Filter>
    <Filter Include="Header Files\LUA">
      <UniqueIdentifier>{1843190f-f5aa-4970-8e70-8c61db8ef461}</UniqueIdentifier>
    </Filter>
    <Filter Include="Source Files\C">
      <UniqueIdentifier>{0ba4ff76-b48f-4643-a0e1-23f04a7c9d4f}</UniqueIdentifier>
    </Filter>
    <Filter Include="Clean">
      <UniqueIdentifier>{9e1b43e8-f054-4768-8bae-26e2db319828}</UniqueIdentifier>
    </Filter>
    <Filter Include="Clean\Engine">
      <UniqueIdentifier>{be1cdf9d-99a0-4cd4-b772-7e044887cbbe}</UniqueIdentifier>
    </Filter>
    <Filter Include="Clean\Engine\Math">
      <UniqueIdentifier>{11377f74-5f05-4ef7-add8-912216beb3d1}</UniqueIdentifier>
    </Filter>
    <Filter Include="Core">
      <UniqueIdentifier>{7a71e6a5-29e9-47db-ab43-ee7a284b527c}</UniqueIdentifier>
    </Filter>
    <Filter Include="Core\Engine">
      <UniqueIdentifier>{c8da5a35-4815-4118-a39a-8aa0a32a9569}</UniqueIdentifier>
    </Filter>
  </ItemGroup>
  <ItemGroup>
    <ClInclude Include="Engine.h">
      <Filter>Header Files\Engine</Filter>
    </ClInclude>
    <ClInclude Include="RendererManager.h">
      <Filter>Header Files\Engine</Filter>
    </ClInclude>
    <ClInclude Include="ResourceManager.h">
      <Filter>Header Files\Engine\ResourceManager</Filter>
    </ClInclude>
    <ClInclude Include="ResourceShader.h">
      <Filter>Header Files\Engine\ResourceManager</Filter>
    </ClInclude>
    <ClInclude Include="ResourceSound.h">
      <Filter>Header Files\Engine\ResourceManager</Filter>
    </ClInclude>
    <ClInclude Include="ResourceTexture.h">
      <Filter>Header Files\Engine\ResourceManager</Filter>
    </ClInclude>
    <ClInclude Include="DirectXHelpers.h">
      <Filter>Header Files\Graphics</Filter>
    </ClInclude>
    <ClInclude Include="DXManager.h">
      <Filter>Header Files\Graphics</Filter>
    </ClInclude>
    <ClInclude Include="FrameWork.h">
      <Filter>Header Files\Framework</Filter>
    </ClInclude>
    <ClInclude Include="Camera.h">
      <Filter>Header Files\Engine\Items</Filter>
    </ClInclude>
    <ClInclude Include="CameraControl.h">
      <Filter>Header Files\Engine\Items</Filter>
    </ClInclude>
    <ClInclude Include="Colors.h">
      <Filter>Header Files\Engine\defines</Filter>
    </ClInclude>
    <ClInclude Include="Defines.h">
      <Filter>Header Files\Engine\defines</Filter>
    </ClInclude>
    <ClInclude Include="GameComponent.h">
      <Filter>Header Files\Engine\Components</Filter>
    </ClInclude>
    <ClInclude Include="Global.h">
      <Filter>Header Files\Engine\Global</Filter>
    </ClInclude>
    <ClInclude Include="GlobalUtilities.h">
      <Filter>Header Files\Engine\Global</Filter>
    </ClInclude>
    <ClInclude Include="Graphics.h">
      <Filter>Header Files\Graphics</Filter>
    </ClInclude>
    <ClInclude Include="Input.h">
      <Filter>Header Files\Input</Filter>
    </ClInclude>
    <ClInclude Include="MainMenuScene.h">
      <Filter>Header Files\Engine\Components\Scenes</Filter>
    </ClInclude>
    <ClInclude Include="GameScene.h">
      <Filter>Header Files\Engine\Components\Scenes</Filter>
    </ClInclude>
    <ClInclude Include="pch.h">
      <Filter>Header Files\Graphics</Filter>
    </ClInclude>
    <ClInclude Include="PlatformHelper.h">
      <Filter>Header Files\Graphics</Filter>
    </ClInclude>
    <ClInclude Include="SettingsC.h">
      <Filter>Header Files\Engine</Filter>
    </ClInclude>
    <ClInclude Include="Shader.h">
      <Filter>Header Files\Graphics\Shaders</Filter>
    </ClInclude>
    <ClInclude Include="Sound.h">
      <Filter>Header Files\Sound</Filter>
    </ClInclude>
    <ClInclude Include="Task.h">
      <Filter>Header Files\Engine\Items</Filter>
    </ClInclude>
    <ClInclude Include="TaskQueue.h">
      <Filter>Header Files\Engine\Items</Filter>
    </ClInclude>
    <ClInclude Include="Texture.h">
      <Filter>Header Files\Graphics\Items</Filter>
    </ClInclude>
    <ClInclude Include="TextureShader.h">
      <Filter>Header Files\Graphics\Shaders</Filter>
    </ClInclude>
    <ClInclude Include="Tile.h">
      <Filter>Header Files\Graphics\Items</Filter>
    </ClInclude>
    <ClInclude Include="Unit.h">
      <Filter>Header Files\Engine\Items</Filter>
    </ClInclude>
    <ClInclude Include="UserInterface.h">
      <Filter>Header Files\Graphics\Interface</Filter>
    </ClInclude>
    <ClInclude Include="UserInterfaceGame.h">
      <Filter>Header Files\Graphics\Interface</Filter>
    </ClInclude>
    <ClInclude Include="UserInterfaceMainMenu.h">
      <Filter>Header Files\Graphics\Interface</Filter>
    </ClInclude>
    <ClInclude Include="Vertex.h">
      <Filter>Header Files\Graphics\Items</Filter>
    </ClInclude>
    <ClInclude Include="VertexBuffer.h">
      <Filter>Header Files\Graphics\Items</Filter>
    </ClInclude>
    <ClInclude Include="WICTextureLoader.h">
      <Filter>Header Files\Graphics</Filter>
    </ClInclude>
    <ClInclude Include="S_ModelPaths.h">
      <Filter>Header Files</Filter>
    </ClInclude>
    <ClInclude Include="Canals.h">
      <Filter>Header Files\Sound</Filter>
    </ClInclude>
    <ClInclude Include="..\x64\Release\bin\x64\lua\KEY VALUES.h">
      <Filter>Resource Files</Filter>
    </ClInclude>
    <ClInclude Include="LUAManager.h">
      <Filter>Header Files\LUA</Filter>
    </ClInclude>
    <ClInclude Include="UserInterfaceGameMenu.h">
      <Filter>Header Files\Graphics\Interface</Filter>
    </ClInclude>
    <ClInclude Include="Font.h">
      <Filter>Header Files</Filter>
    </ClInclude>
    <ClInclude Include="LetterSprite.h">
      <Filter>Header Files</Filter>
    </ClInclude>
    <ClInclude Include="Text.h">
      <Filter>Header Files</Filter>
    </ClInclude>
    <ClInclude Include="DynamicArray.h">
      <Filter>Header Files</Filter>
    </ClInclude>
    <ClInclude Include="VulcanManager.h">
      <Filter>Header Files</Filter>
    </ClInclude>
    <ClInclude Include="GraphicsManager.h">
      <Filter>Header Files</Filter>
    </ClInclude>
    <ClInclude Include="VariablesManager.h">
      <Filter>Header Files</Filter>
    </ClInclude>
    <ClInclude Include="Connection.h">
      <Filter>Header Files</Filter>
    </ClInclude>
    <ClInclude Include="Network.h">
      <Filter>Header Files</Filter>
    </ClInclude>
    <ClInclude Include="Server.h">
      <Filter>Header Files</Filter>
    </ClInclude>
    <ClInclude Include="Enet.h">
      <Filter>Header Files</Filter>
    </ClInclude>
    <ClInclude Include="2D\TextFormat.h">
      <Filter>Header Files</Filter>
    </ClInclude>
    <ClInclude Include="2D\TextSize.h">
      <Filter>Header Files</Filter>
    </ClInclude>
    <ClInclude Include="2D\Types.h">
      <Filter>Header Files</Filter>
    </ClInclude>
    <ClInclude Include="WindowHandle.h">
      <Filter>Header Files</Filter>
    </ClInclude>
    <ClInclude Include="IPP.h">
      <Filter>Header Files</Filter>
    </ClInclude>
    <ClInclude Include="Doodads.h">
      <Filter>Header Files</Filter>
    </ClInclude>
    <ClInclude Include="RenderContainer.h">
      <Filter>Header Files</Filter>
    </ClInclude>
    <ClInclude Include="Tree.h">
      <Filter>Header Files</Filter>
    </ClInclude>
    <ClInclude Include="RenderZMap.h">
      <Filter>Header Files</Filter>
    </ClInclude>
    <ClInclude Include="RenderContainerVector.h">
      <Filter>Header Files</Filter>
    </ClInclude>
    <ClInclude Include="Sorting.h">
      <Filter>Header Files</Filter>
    </ClInclude>
    <ClInclude Include="GameChat.h">
      <Filter>Header Files</Filter>
    </ClInclude>
    <ClInclude Include="GlobalVariables.h">
      <Filter>Header Files</Filter>
    </ClInclude>
    <ClInclude Include="TextArea.h">
      <Filter>Header Files</Filter>
    </ClInclude>
    <ClInclude Include="ShadowShader.h">
      <Filter>Header Files</Filter>
    </ClInclude>
    <ClInclude Include="ShaderPackage.h">
      <Filter>Header Files</Filter>
    </ClInclude>
    <ClInclude Include="ScreenShader.h">
      <Filter>Header Files\Graphics\Shaders</Filter>
    </ClInclude>
    <ClInclude Include="ShaderV2.h">
      <Filter>Header Files</Filter>
    </ClInclude>
    <ClInclude Include="CPU.h">
      <Filter>Header Files</Filter>
    </ClInclude>
    <ClInclude Include="Math.h">
      <Filter>Clean\Engine\Math</Filter>
    </ClInclude>
    <ClInclude Include="XMLParser.h">
      <Filter>Header Files</Filter>
    </ClInclude>
    <ClInclude Include="LuaPointersManager.h">
      <Filter>Header Files</Filter>
    </ClInclude>
    <ClInclude Include="LuaPointer.h">
      <Filter>Header Files</Filter>
    </ClInclude>
    <ClInclude Include="Menu.h">
      <Filter>Header Files</Filter>
    </ClInclude>
    <ClInclude Include="Vector.h">
      <Filter>Core</Filter>
    </ClInclude>
    <ClInclude Include="ThreadPool.h">
      <Filter>Core</Filter>
    </ClInclude>
    <ClInclude Include="gdef.h">
      <Filter>Header Files\Engine\defines</Filter>
    </ClInclude>
    <ClInclude Include="Sprite.h">
      <Filter>Header Files</Filter>
    </ClInclude>
    <ClInclude Include="AnimatedDoodads.h">
      <Filter>Header Files\Engine</Filter>
    </ClInclude>
    <ClInclude Include="String.h">
      <Filter>Core</Filter>
    </ClInclude>
    <ClInclude Include="Engine\Core\Containers\Pair.h">
      <Filter>Core\Engine</Filter>
    </ClInclude>
    <ClInclude Include="Footsteps.h">
      <Filter>Header Files</Filter>
    </ClInclude>
    <ClInclude Include="List.h">
      <Filter>Core</Filter>
    </ClInclude>
    <ClInclude Include="IBidirectionalStruct.h">
      <Filter>Core</Filter>
    </ClInclude>
    <ClInclude Include="IBidirectionalElement.h">
      <Filter>Core</Filter>
    </ClInclude>
  </ItemGroup>
  <ItemGroup>
    <ClCompile Include="FrameWork.cpp">
      <Filter>Source Files</Filter>
    </ClCompile>
    <ClCompile Include="Source.cpp">
      <Filter>Source Files</Filter>
    </ClCompile>
    <ClCompile Include="DXManager.cpp">
      <Filter>Source Files</Filter>
    </ClCompile>
    <ClCompile Include="Graphics.cpp">
      <Filter>Source Files</Filter>
    </ClCompile>
    <ClCompile Include="Engine.cpp">
      <Filter>Source Files</Filter>
    </ClCompile>
    <ClCompile Include="Shader.cpp">
      <Filter>Source Files</Filter>
    </ClCompile>
    <ClCompile Include="TextureShader.cpp">
      <Filter>Source Files</Filter>
    </ClCompile>
    <ClCompile Include="VertexBuffer.cpp">
      <Filter>Source Files</Filter>
    </ClCompile>
    <ClCompile Include="Texture.cpp">
      <Filter>Source Files</Filter>
    </ClCompile>
    <ClCompile Include="Sprite.cpp">
      <Filter>Source Files</Filter>
    </ClCompile>
    <ClCompile Include="ResourceManager.cpp">
      <Filter>Source Files</Filter>
    </ClCompile>
    <ClCompile Include="Camera.cpp">
      <Filter>Source Files</Filter>
    </ClCompile>
    <ClCompile Include="ResourceTexture.cpp">
      <Filter>Source Files</Filter>
    </ClCompile>
    <ClCompile Include="ResourceShader.cpp">
      <Filter>Source Files</Filter>
    </ClCompile>
    <ClCompile Include="Input.cpp">
      <Filter>Source Files</Filter>
    </ClCompile>
    <ClCompile Include="GameComponent.cpp">
      <Filter>Source Files</Filter>
    </ClCompile>
    <ClCompile Include="GameScene.cpp">
      <Filter>Source Files</Filter>
    </ClCompile>
    <ClCompile Include="ResourceSound.cpp">
      <Filter>Source Files</Filter>
    </ClCompile>
    <ClCompile Include="Sound.cpp">
      <Filter>Source Files</Filter>
    </ClCompile>
    <ClCompile Include="GlobalUtilities.cpp">
      <Filter>Source Files</Filter>
    </ClCompile>
    <ClCompile Include="WICTextureLoader.cpp">
      <Filter>Source Files</Filter>
    </ClCompile>
    <ClCompile Include="RendererManager.cpp">
      <Filter>Source Files</Filter>
    </ClCompile>
    <ClCompile Include="Tile.cpp">
      <Filter>Source Files</Filter>
    </ClCompile>
    <ClCompile Include="Unit.cpp">
      <Filter>Source Files</Filter>
    </ClCompile>
    <ClCompile Include="UserInterfaceGame.cpp">
      <Filter>Source Files</Filter>
    </ClCompile>
    <ClCompile Include="MainMenuScene.cpp">
      <Filter>Source Files</Filter>
    </ClCompile>
    <ClCompile Include="UserInterface.cpp">
      <Filter>Source Files</Filter>
    </ClCompile>
    <ClCompile Include="UserInterfaceMainMenu.cpp">
      <Filter>Source Files</Filter>
    </ClCompile>
    <ClCompile Include="SettingsC.cpp">
      <Filter>Source Files</Filter>
    </ClCompile>
    <ClCompile Include="Global.cpp">
      <Filter>Source Files</Filter>
    </ClCompile>
    <ClCompile Include="Task.cpp">
      <Filter>Source Files</Filter>
    </ClCompile>
    <ClCompile Include="TaskQueue.cpp">
      <Filter>Source Files</Filter>
    </ClCompile>
    <ClCompile Include="CameraControl.cpp">
      <Filter>Source Files</Filter>
    </ClCompile>
    <ClCompile Include="LUAManager.cpp">
      <Filter>Source Files</Filter>
    </ClCompile>
    <ClCompile Include="S_ModelPaths.cpp">
      <Filter>Source Files</Filter>
    </ClCompile>
    <ClCompile Include="Canals.cpp">
      <Filter>Source Files</Filter>
    </ClCompile>
    <ClCompile Include="UserInterfaceGameMenu.cpp">
      <Filter>Source Files</Filter>
    </ClCompile>
    <ClCompile Include="Font.cpp">
      <Filter>Source Files</Filter>
    </ClCompile>
    <ClCompile Include="LetterSprite.cpp">
      <Filter>Source Files</Filter>
    </ClCompile>
    <ClCompile Include="Text.cpp">
      <Filter>Source Files</Filter>
    </ClCompile>
    <ClCompile Include="GraphicsManager.cpp">
      <Filter>Source Files</Filter>
    </ClCompile>
    <ClCompile Include="VariablesManager.cpp">
      <Filter>Source Files</Filter>
    </ClCompile>
    <ClCompile Include="LuaCallback.cpp">
      <Filter>Source Files</Filter>
    </ClCompile>
    <ClCompile Include="Connection.cpp">
      <Filter>Source Files</Filter>
    </ClCompile>
    <ClCompile Include="Network.cpp">
      <Filter>Source Files</Filter>
    </ClCompile>
    <ClCompile Include="Server.cpp">
      <Filter>Source Files</Filter>
    </ClCompile>
    <ClCompile Include="Enet.cpp">
      <Filter>Source Files</Filter>
    </ClCompile>
    <ClCompile Include="2D\TextFormat.cpp">
      <Filter>Source Files</Filter>
    </ClCompile>
    <ClCompile Include="2D\TextSize.cpp">
      <Filter>Source Files</Filter>
    </ClCompile>
    <ClCompile Include="WindowHandle.cpp">
      <Filter>Source Files</Filter>
    </ClCompile>
    <ClCompile Include="IPP.cpp">
      <Filter>Source Files</Filter>
    </ClCompile>
    <ClCompile Include="Doodads.cpp">
      <Filter>Source Files</Filter>
    </ClCompile>
    <ClCompile Include="RenderContainer.cpp">
      <Filter>Source Files</Filter>
    </ClCompile>
    <ClCompile Include="Tree.cpp">
      <Filter>Source Files</Filter>
    </ClCompile>
    <ClCompile Include="BinaryTree.c">
      <Filter>Source Files\C</Filter>
    </ClCompile>
    <ClCompile Include="RenderZMap.cpp">
      <Filter>Source Files</Filter>
    </ClCompile>
    <ClCompile Include="RenderContainerVector.cpp">
      <Filter>Source Files</Filter>
    </ClCompile>
    <ClCompile Include="Sorting.cpp">
      <Filter>Source Files</Filter>
    </ClCompile>
    <ClCompile Include="GameChat.cpp">
      <Filter>Source Files</Filter>
    </ClCompile>
    <ClCompile Include="GlobalVariables.cpp">
      <Filter>Source Files</Filter>
    </ClCompile>
    <ClCompile Include="TextArea.cpp">
      <Filter>Source Files</Filter>
    </ClCompile>
    <ClCompile Include="ShadowShader.cpp">
      <Filter>Source Files</Filter>
    </ClCompile>
    <ClCompile Include="ShaderPackage.cpp">
      <Filter>Source Files</Filter>
    </ClCompile>
    <ClCompile Include="ShaderV2.cpp">
      <Filter>Source Files</Filter>
    </ClCompile>
    <ClCompile Include="CPU.cpp">
      <Filter>Source Files\C</Filter>
    </ClCompile>
    <ClCompile Include="Math.inl">
      <Filter>Clean\Engine\Math</Filter>
    </ClCompile>
    <ClCompile Include="XMLParser.cpp">
      <Filter>Source Files</Filter>
    </ClCompile>
    <ClCompile Include="Menu.cpp">
      <Filter>Source Files</Filter>
    </ClCompile>
    <ClCompile Include="ThreadPool.cpp">
      <Filter>Core</Filter>
    </ClCompile>
    <ClCompile Include="AnimatedDoodads.cpp">
      <Filter>Source Files</Filter>
    </ClCompile>
    <ClCompile Include="Footsteps.cpp">
      <Filter>Source Files</Filter>
    </ClCompile>
  </ItemGroup>
</Project>